<?xml version="1.0" encoding="utf-8"?>
<Project ToolsVersion="4.0" xmlns="http://schemas.microsoft.com/developer/msbuild/2003">
  <ItemGroup>
    <Filter Include="소스 파일">
      <UniqueIdentifier>{4FC737F1-C7A5-4376-A066-2A32D752A2FF}</UniqueIdentifier>
      <Extensions>cpp;c;cc;cxx;c++;cppm;ixx;def;odl;idl;hpj;bat;asm;asmx</Extensions>
    </Filter>
    <Filter Include="헤더 파일">
      <UniqueIdentifier>{93995380-89BD-4b04-88EB-625FBE52EBFB}</UniqueIdentifier>
      <Extensions>h;hh;hpp;hxx;h++;hm;inl;inc;ipp;xsd</Extensions>
    </Filter>
    <Filter Include="소스 파일\리소스 파일">
      <UniqueIdentifier>{67DA6AB6-F800-4c08-8B7A-83BB121AAD01}</UniqueIdentifier>
      <Extensions>rc;ico;cur;bmp;dlg;rc2;rct;bin;rgs;gif;jpg;jpeg;jpe;resx;tiff;tif;png;wav;mfcribbon-ms</Extensions>
    </Filter>
    <Filter Include="소스 파일\Manager">
      <UniqueIdentifier>{b5fdd1ca-2381-433b-9260-da630b9d0a35}</UniqueIdentifier>
    </Filter>
    <Filter Include="소스 파일\Framework">
      <UniqueIdentifier>{a0a320e6-0e76-41d3-817d-60c75052ccb7}</UniqueIdentifier>
    </Filter>
    <Filter Include="소스 파일\Utility">
      <UniqueIdentifier>{cba65180-22ad-43a2-8e9a-4eab2b388da4}</UniqueIdentifier>
    </Filter>
    <Filter Include="헤더 파일\Framework">
      <UniqueIdentifier>{bb4c5b7e-d86a-4b57-8cac-362ecdd922c1}</UniqueIdentifier>
    </Filter>
    <Filter Include="헤더 파일\Manager">
      <UniqueIdentifier>{49cec9aa-8fb7-49bb-9cec-b51d5d182ec7}</UniqueIdentifier>
    </Filter>
    <Filter Include="헤더 파일\Rendering">
      <UniqueIdentifier>{04b17a3d-4021-44f3-a52c-d2c2c244123e}</UniqueIdentifier>
    </Filter>
    <Filter Include="소스 파일\Rendering">
      <UniqueIdentifier>{767695d5-d350-4638-8dc9-3e5e063e398c}</UniqueIdentifier>
    </Filter>
    <Filter Include="헤더 파일\Utility">
      <UniqueIdentifier>{43209d82-fae4-4486-9fae-b4b51f6fab30}</UniqueIdentifier>
    </Filter>
  </ItemGroup>
  <ItemGroup>
    <ClInclude Include="Actor.h">
      <Filter>헤더 파일\Framework</Filter>
    </ClInclude>
    <ClInclude Include="D3DRenderManager.h">
      <Filter>헤더 파일\Manager</Filter>
    </ClInclude>
    <ClInclude Include="StaticMeshResource.h">
      <Filter>헤더 파일\Rendering</Filter>
    </ClInclude>
    <ClInclude Include="StaticMeshInstance.h">
      <Filter>헤더 파일\Rendering</Filter>
    </ClInclude>
    <ClInclude Include="SkeletonResource.h">
      <Filter>헤더 파일\Rendering</Filter>
    </ClInclude>
    <ClInclude Include="SkeletalMeshResource.h">
      <Filter>헤더 파일\Rendering</Filter>
    </ClInclude>
    <ClInclude Include="SkeletalMeshInstance.h">
      <Filter>헤더 파일\Rendering</Filter>
    </ClInclude>
    <ClInclude Include="AnimationResource.h">
      <Filter>헤더 파일\Rendering</Filter>
    </ClInclude>
    <ClInclude Include="SkeletalMeshComponent.h">
      <Filter>헤더 파일\Framework</Filter>
    </ClInclude>
    <ClInclude Include="StaticMeshComponent.h">
      <Filter>헤더 파일\Framework</Filter>
    </ClInclude>
    <ClInclude Include="SkeletalMeshActor.h">
      <Filter>헤더 파일\Framework</Filter>
    </ClInclude>
    <ClInclude Include="SceneComponent.h">
      <Filter>헤더 파일\Framework</Filter>
    </ClInclude>
    <ClInclude Include="World.h">
      <Filter>헤더 파일\Framework</Filter>
    </ClInclude>
    <ClInclude Include="ResourceManager.h">
      <Filter>헤더 파일\Manager</Filter>
    </ClInclude>
    <ClInclude Include="InputManager.h">
      <Filter>헤더 파일\Manager</Filter>
    </ClInclude>
    <ClInclude Include="Material.h">
      <Filter>헤더 파일\Rendering</Filter>
    </ClInclude>
    <ClInclude Include="Bone.h">
      <Filter>헤더 파일\Rendering</Filter>
    </ClInclude>
    <ClInclude Include="Transform.h">
      <Filter>헤더 파일\Rendering</Filter>
    </ClInclude>
    <ClInclude Include="GameApp.h">
      <Filter>헤더 파일\Framework</Filter>
    </ClInclude>
    <ClInclude Include="Component.h">
      <Filter>헤더 파일\Framework</Filter>
    </ClInclude>
    <ClInclude Include="TimeSystem.h">
      <Filter>헤더 파일\Utility</Filter>
    </ClInclude>
    <ClInclude Include="framework.h">
      <Filter>헤더 파일\Utility</Filter>
    </ClInclude>
    <ClInclude Include="Helper.h">
      <Filter>헤더 파일\Utility</Filter>
    </ClInclude>
    <ClInclude Include="MovementComponent.h">
      <Filter>헤더 파일\Framework</Filter>
    </ClInclude>
    <ClInclude Include="PlayerController.h">
      <Filter>헤더 파일\Framework</Filter>
    </ClInclude>
    <ClInclude Include="Pawn.h">
      <Filter>헤더 파일\Framework</Filter>
    </ClInclude>
    <ClInclude Include="DefaultPawn.h">
      <Filter>헤더 파일\Framework</Filter>
    </ClInclude>
    <ClInclude Include="CameraComponent.h">
      <Filter>헤더 파일\Framework</Filter>
    </ClInclude>
    <ClInclude Include="RenderComponent.h">
      <Filter>헤더 파일\Framework</Filter>
    </ClInclude>
    <ClInclude Include="DebugDraw.h">
      <Filter>헤더 파일\Rendering</Filter>
    </ClInclude>
    <ClInclude Include="PipelineStateObjects.h">
      <Filter>헤더 파일\Rendering</Filter>
    </ClInclude>
    <ClInclude Include="StaticMeshActor.h">
      <Filter>헤더 파일\Framework</Filter>
    </ClInclude>
    <ClInclude Include="ActorController.h">
      <Filter>헤더 파일\Framework</Filter>
    </ClInclude>
    <ClInclude Include="pch.h">
      <Filter>헤더 파일</Filter>
    </ClInclude>
  </ItemGroup>
  <ItemGroup>
    <ClCompile Include="Actor.cpp">
      <Filter>소스 파일\Framework</Filter>
    </ClCompile>
    <ClCompile Include="Component.cpp">
      <Filter>소스 파일\Framework</Filter>
    </ClCompile>
    <ClCompile Include="SkeletalMeshActor.cpp">
      <Filter>소스 파일\Framework</Filter>
    </ClCompile>
    <ClCompile Include="D3DRenderManager.cpp">
      <Filter>소스 파일\Manager</Filter>
    </ClCompile>
    <ClCompile Include="ResourceManager.cpp">
      <Filter>소스 파일\Manager</Filter>
    </ClCompile>
    <ClCompile Include="InputManager.cpp">
      <Filter>소스 파일\Manager</Filter>
    </ClCompile>
    <ClCompile Include="SceneComponent.cpp">
      <Filter>소스 파일\Framework</Filter>
    </ClCompile>
    <ClCompile Include="SkeletalMeshComponent.cpp">
      <Filter>소스 파일\Framework</Filter>
    </ClCompile>
    <ClCompile Include="StaticMeshComponent.cpp">
      <Filter>소스 파일\Framework</Filter>
    </ClCompile>
    <ClCompile Include="StaticMeshResource.cpp">
      <Filter>소스 파일\Rendering</Filter>
    </ClCompile>
    <ClCompile Include="SkeletalMeshInstance.cpp">
      <Filter>소스 파일\Rendering</Filter>
    </ClCompile>
    <ClCompile Include="SkeletalMeshResource.cpp">
      <Filter>소스 파일\Rendering</Filter>
    </ClCompile>
    <ClCompile Include="SkeletonResource.cpp">
      <Filter>소스 파일\Rendering</Filter>
    </ClCompile>
    <ClCompile Include="StaticMeshInstance.cpp">
      <Filter>소스 파일\Rendering</Filter>
    </ClCompile>
    <ClCompile Include="Bone.cpp">
      <Filter>소스 파일\Rendering</Filter>
    </ClCompile>
    <ClCompile Include="Material.cpp">
      <Filter>소스 파일\Rendering</Filter>
    </ClCompile>
    <ClCompile Include="World.cpp">
      <Filter>소스 파일\Framework</Filter>
    </ClCompile>
    <ClCompile Include="AnimationResource.cpp">
      <Filter>소스 파일\Rendering</Filter>
    </ClCompile>
    <ClCompile Include="GameApp.cpp">
      <Filter>소스 파일\Framework</Filter>
    </ClCompile>
    <ClCompile Include="Common.cpp">
      <Filter>소스 파일\Utility</Filter>
    </ClCompile>
    <ClCompile Include="Helper.cpp">
      <Filter>소스 파일\Utility</Filter>
    </ClCompile>
    <ClCompile Include="TimeSystem.cpp">
      <Filter>소스 파일\Utility</Filter>
    </ClCompile>
    <ClCompile Include="MovementComponent.cpp">
      <Filter>소스 파일\Framework</Filter>
    </ClCompile>
    <ClCompile Include="PlayerController.cpp">
      <Filter>소스 파일\Framework</Filter>
    </ClCompile>
    <ClCompile Include="Pawn.cpp">
      <Filter>소스 파일\Framework</Filter>
    </ClCompile>
    <ClCompile Include="DefaultPawn.cpp">
      <Filter>소스 파일\Framework</Filter>
    </ClCompile>
    <ClCompile Include="CameraComponent.cpp">
      <Filter>소스 파일\Framework</Filter>
    </ClCompile>
    <ClCompile Include="Transform.cpp">
      <Filter>소스 파일\Rendering</Filter>
    </ClCompile>
    <ClCompile Include="RenderComponent.cpp">
      <Filter>소스 파일\Framework</Filter>
    </ClCompile>
    <ClCompile Include="DebugDraw.cpp">
      <Filter>소스 파일\Rendering</Filter>
    </ClCompile>
    <ClCompile Include="PipelineStateObjects.cpp">
      <Filter>소스 파일\Rendering</Filter>
    </ClCompile>
    <ClCompile Include="StaticMeshActor.cpp">
      <Filter>소스 파일\Framework</Filter>
    </ClCompile>
    <ClCompile Include="ActorController.cpp">
      <Filter>소스 파일\Framework</Filter>
    </ClCompile>
    <ClCompile Include="pch.cpp">
      <Filter>소스 파일</Filter>
    </ClCompile>
  </ItemGroup>
  <ItemGroup>
    <None Include="ClassDiagram.cd">
      <Filter>헤더 파일\Utility</Filter>
    </None>
  </ItemGroup>
</Project>